
Microsoft Visual Studio Solution File, Format Version 12.00
# Visual Studio Version 16
VisualStudioVersion = 16.0.30002.166
MinimumVisualStudioVersion = 10.0.40219.1
Project("{9A19103F-16F7-4668-BE54-9A1E7A4F7556}") = "LeopardToolKit.AspNetCore", "LeopardToolKit.AspNetCore\LeopardToolKit.AspNetCore.csproj", "{868152EE-00E0-41BA-9AF0-3EA6638673D2}"
EndProject
Project("{FAE04EC0-301F-11D3-BF4B-00C04F79EFBC}") = "AspNetWebApiExample", "..\sample\AspNetWebApiExample\AspNetWebApiExample.csproj", "{B176B6C9-8918-4435-8AD8-CBC2E046695E}"
EndProject
Global
	GlobalSection(SolutionConfigurationPlatforms) = preSolution
		Debug|Any CPU = Debug|Any CPU
		Release|Any CPU = Release|Any CPU
	EndGlobalSection
	GlobalSection(ProjectConfigurationPlatforms) = postSolution
		{868152EE-00E0-41BA-9AF0-3EA6638673D2}.Debug|Any CPU.ActiveCfg = Debug|Any CPU
		{868152EE-00E0-41BA-9AF0-3EA6638673D2}.Debug|Any CPU.Build.0 = Debug|Any CPU
		{868152EE-00E0-41BA-9AF0-3EA6638673D2}.Release|Any CPU.ActiveCfg = Release|Any CPU
		{868152EE-00E0-41BA-9AF0-3EA6638673D2}.Release|Any CPU.Build.0 = Release|Any CPU
		{B176B6C9-8918-4435-8AD8-CBC2E046695E}.Debug|Any CPU.ActiveCfg = Debug|Any CPU
		{B176B6C9-8918-4435-8AD8-CBC2E046695E}.Debug|Any CPU.Build.0 = Debug|Any CPU
		{B176B6C9-8918-4435-8AD8-CBC2E046695E}.Release|Any CPU.ActiveCfg = Release|Any CPU
		{B176B6C9-8918-4435-8AD8-CBC2E046695E}.Release|Any CPU.Build.0 = Release|Any CPU
	EndGlobalSection
	GlobalSection(SolutionProperties) = preSolution
		HideSolutionNode = FALSE
	EndGlobalSection
	GlobalSection(ExtensibilityGlobals) = postSolution
		SolutionGuid = {5973B92B-F2BC-4B89-A1EB-2B0872901480}
	EndGlobalSection
EndGlobal
